
Microsoft Visual Studio Solution File, Format Version 12.00
# Visual Studio 15
VisualStudioVersion = 15.0.28307.329
MinimumVisualStudioVersion = 10.0.40219.1
Project("{FAE04EC0-301F-11D3-BF4B-00C04F79EFBC}") = "Assignment2", "Assignment2\Assignment2.csproj", "{97D7207C-0888-4E1F-AB0D-A7B5A016A891}"
EndProject
Global
	GlobalSection(SolutionConfigurationPlatforms) = preSolution
		Debug|Any CPU = Debug|Any CPU
		Release|Any CPU = Release|Any CPU
	EndGlobalSection
	GlobalSection(ProjectConfigurationPlatforms) = postSolution
		{97D7207C-0888-4E1F-AB0D-A7B5A016A891}.Debug|Any CPU.ActiveCfg = Debug|Any CPU
		{97D7207C-0888-4E1F-AB0D-A7B5A016A891}.Debug|Any CPU.Build.0 = Debug|Any CPU
		{97D7207C-0888-4E1F-AB0D-A7B5A016A891}.Release|Any CPU.ActiveCfg = Release|Any CPU
		{97D7207C-0888-4E1F-AB0D-A7B5A016A891}.Release|Any CPU.Build.0 = Release|Any CPU
	EndGlobalSection
	GlobalSection(SolutionProperties) = preSolution
		HideSolutionNode = FALSE
	EndGlobalSection
	GlobalSection(ExtensibilityGlobals) = postSolution
		SolutionGuid = {D3E6EC4F-F44A-4491-824B-75F56563D94F}
	EndGlobalSection
EndGlobal
